
Microsoft Visual Studio Solution File, Format Version 12.00
# Visual Studio Version 17
VisualStudioVersion = 17.0.31903.59
MinimumVisualStudioVersion = 10.0.40219.1
Project("{2150E333-8FDC-42A3-9474-1A3956D46DE8}") = "src", "src", "{827E0CD3-B72D-47B6-A68D-7590B98EB39B}"
EndProject
Project("{2150E333-8FDC-42A3-9474-1A3956D46DE8}") = "Services", "Services", "{984BB9B3-3FA3-BE33-9484-CAC21695A33C}"
EndProject
Project("{2150E333-8FDC-42A3-9474-1A3956D46DE8}") = "Inventory", "Inventory", "{CA15E31E-CB60-F235-5CDF-2E527A86A72C}"
EndProject
Project("{FAE04EC0-301F-11D3-BF4B-00C04F79EFBC}") = "Vendas.Inventory.API", "src\Services\Inventory\Vendas.Inventory.API\Vendas.Inventory.API.csproj", "{FBC7936D-E8F6-417D-99E7-933CE8127D0F}"
EndProject
Project("{FAE04EC0-301F-11D3-BF4B-00C04F79EFBC}") = "Vendas.Inventory.Application", "src\Services\Inventory\Vendas.Inventory.Application\Vendas.Inventory.Application.csproj", "{4FD504A5-8830-48B5-86B6-B81FF76F21EF}"
EndProject
Project("{FAE04EC0-301F-11D3-BF4B-00C04F79EFBC}") = "Vendas.Inventory.Domain", "src\Services\Inventory\Vendas.Inventory.Domain\Vendas.Inventory.Domain.csproj", "{01C42F23-EF4B-4E05-BE57-DD8A057C1AD2}"
EndProject
Project("{FAE04EC0-301F-11D3-BF4B-00C04F79EFBC}") = "Vendas.Inventory.Infrastructure", "src\Services\Inventory\Vendas.Inventory.Infrastructure\Vendas.Inventory.Infrastructure.csproj", "{01B9B1CC-2F44-48B3-992B-3233BE70F9BA}"
EndProject
Project("{2150E333-8FDC-42A3-9474-1A3956D46DE8}") = "Orders", "Orders", "{53A5E032-9A5F-5C5F-4C24-3FD98F4CF9B3}"
EndProject
Project("{FAE04EC0-301F-11D3-BF4B-00C04F79EFBC}") = "Vendas.Orders.API", "src\Services\Orders\Vendas.Orders.API\Vendas.Orders.API.csproj", "{73098457-0105-4A0C-8513-E66F5F857EA9}"
EndProject
Project("{FAE04EC0-301F-11D3-BF4B-00C04F79EFBC}") = "Vendas.Orders.Application", "src\Services\Orders\Vendas.Orders.Application\Vendas.Orders.Application.csproj", "{B7CDE43A-8068-4467-9FE5-6E23A5851C8C}"
EndProject
Project("{FAE04EC0-301F-11D3-BF4B-00C04F79EFBC}") = "Vendas.Orders.Domain", "src\Services\Orders\Vendas.Orders.Domain\Vendas.Orders.Domain.csproj", "{FB508533-610B-4340-85FF-420F052BAEA1}"
EndProject
Project("{FAE04EC0-301F-11D3-BF4B-00C04F79EFBC}") = "Vendas.Orders.Infrastructure", "src\Services\Orders\Vendas.Orders.Infrastructure\Vendas.Orders.Infrastructure.csproj", "{067E25AA-E062-46AC-9D25-90D145EC1410}"
EndProject
Global
	GlobalSection(SolutionConfigurationPlatforms) = preSolution
		Debug|Any CPU = Debug|Any CPU
		Debug|x64 = Debug|x64
		Debug|x86 = Debug|x86
		Release|Any CPU = Release|Any CPU
		Release|x64 = Release|x64
		Release|x86 = Release|x86
	EndGlobalSection
	GlobalSection(ProjectConfigurationPlatforms) = postSolution
		{FBC7936D-E8F6-417D-99E7-933CE8127D0F}.Debug|Any CPU.ActiveCfg = Debug|Any CPU
		{FBC7936D-E8F6-417D-99E7-933CE8127D0F}.Debug|Any CPU.Build.0 = Debug|Any CPU
		{FBC7936D-E8F6-417D-99E7-933CE8127D0F}.Debug|x64.ActiveCfg = Debug|Any CPU
		{FBC7936D-E8F6-417D-99E7-933CE8127D0F}.Debug|x64.Build.0 = Debug|Any CPU
		{FBC7936D-E8F6-417D-99E7-933CE8127D0F}.Debug|x86.ActiveCfg = Debug|Any CPU
		{FBC7936D-E8F6-417D-99E7-933CE8127D0F}.Debug|x86.Build.0 = Debug|Any CPU
		{FBC7936D-E8F6-417D-99E7-933CE8127D0F}.Release|Any CPU.ActiveCfg = Release|Any CPU
		{FBC7936D-E8F6-417D-99E7-933CE8127D0F}.Release|Any CPU.Build.0 = Release|Any CPU
		{FBC7936D-E8F6-417D-99E7-933CE8127D0F}.Release|x64.ActiveCfg = Release|Any CPU
		{FBC7936D-E8F6-417D-99E7-933CE8127D0F}.Release|x64.Build.0 = Release|Any CPU
		{FBC7936D-E8F6-417D-99E7-933CE8127D0F}.Release|x86.ActiveCfg = Release|Any CPU
		{FBC7936D-E8F6-417D-99E7-933CE8127D0F}.Release|x86.Build.0 = Release|Any CPU
		{4FD504A5-8830-48B5-86B6-B81FF76F21EF}.Debug|Any CPU.ActiveCfg = Debug|Any CPU
		{4FD504A5-8830-48B5-86B6-B81FF76F21EF}.Debug|Any CPU.Build.0 = Debug|Any CPU
		{4FD504A5-8830-48B5-86B6-B81FF76F21EF}.Debug|x64.ActiveCfg = Debug|Any CPU
		{4FD504A5-8830-48B5-86B6-B81FF76F21EF}.Debug|x64.Build.0 = Debug|Any CPU
		{4FD504A5-8830-48B5-86B6-B81FF76F21EF}.Debug|x86.ActiveCfg = Debug|Any CPU
		{4FD504A5-8830-48B5-86B6-B81FF76F21EF}.Debug|x86.Build.0 = Debug|Any CPU
		{4FD504A5-8830-48B5-86B6-B81FF76F21EF}.Release|Any CPU.ActiveCfg = Release|Any CPU
		{4FD504A5-8830-48B5-86B6-B81FF76F21EF}.Release|Any CPU.Build.0 = Release|Any CPU
		{4FD504A5-8830-48B5-86B6-B81FF76F21EF}.Release|x64.ActiveCfg = Release|Any CPU
		{4FD504A5-8830-48B5-86B6-B81FF76F21EF}.Release|x64.Build.0 = Release|Any CPU
		{4FD504A5-8830-48B5-86B6-B81FF76F21EF}.Release|x86.ActiveCfg = Release|Any CPU
		{4FD504A5-8830-48B5-86B6-B81FF76F21EF}.Release|x86.Build.0 = Release|Any CPU
		{01C42F23-EF4B-4E05-BE57-DD8A057C1AD2}.Debug|Any CPU.ActiveCfg = Debug|Any CPU
		{01C42F23-EF4B-4E05-BE57-DD8A057C1AD2}.Debug|Any CPU.Build.0 = Debug|Any CPU
		{01C42F23-EF4B-4E05-BE57-DD8A057C1AD2}.Debug|x64.ActiveCfg = Debug|Any CPU
		{01C42F23-EF4B-4E05-BE57-DD8A057C1AD2}.Debug|x64.Build.0 = Debug|Any CPU
		{01C42F23-EF4B-4E05-BE57-DD8A057C1AD2}.Debug|x86.ActiveCfg = Debug|Any CPU
		{01C42F23-EF4B-4E05-BE57-DD8A057C1AD2}.Debug|x86.Build.0 = Debug|Any CPU
		{01C42F23-EF4B-4E05-BE57-DD8A057C1AD2}.Release|Any CPU.ActiveCfg = Release|Any CPU
		{01C42F23-EF4B-4E05-BE57-DD8A057C1AD2}.Release|Any CPU.Build.0 = Release|Any CPU
		{01C42F23-EF4B-4E05-BE57-DD8A057C1AD2}.Release|x64.ActiveCfg = Release|Any CPU
		{01C42F23-EF4B-4E05-BE57-DD8A057C1AD2}.Release|x64.Build.0 = Release|Any CPU
		{01C42F23-EF4B-4E05-BE57-DD8A057C1AD2}.Release|x86.ActiveCfg = Release|Any CPU
		{01C42F23-EF4B-4E05-BE57-DD8A057C1AD2}.Release|x86.Build.0 = Release|Any CPU
		{01B9B1CC-2F44-48B3-992B-3233BE70F9BA}.Debug|Any CPU.ActiveCfg = Debug|Any CPU
		{01B9B1CC-2F44-48B3-992B-3233BE70F9BA}.Debug|Any CPU.Build.0 = Debug|Any CPU
		{01B9B1CC-2F44-48B3-992B-3233BE70F9BA}.Debug|x64.ActiveCfg = Debug|Any CPU
		{01B9B1CC-2F44-48B3-992B-3233BE70F9BA}.Debug|x64.Build.0 = Debug|Any CPU
		{01B9B1CC-2F44-48B3-992B-3233BE70F9BA}.Debug|x86.ActiveCfg = Debug|Any CPU
		{01B9B1CC-2F44-48B3-992B-3233BE70F9BA}.Debug|x86.Build.0 = Debug|Any CPU
		{01B9B1CC-2F44-48B3-992B-3233BE70F9BA}.Release|Any CPU.ActiveCfg = Release|Any CPU
		{01B9B1CC-2F44-48B3-992B-3233BE70F9BA}.Release|Any CPU.Build.0 = Release|Any CPU
		{01B9B1CC-2F44-48B3-992B-3233BE70F9BA}.Release|x64.ActiveCfg = Release|Any CPU
		{01B9B1CC-2F44-48B3-992B-3233BE70F9BA}.Release|x64.Build.0 = Release|Any CPU
		{01B9B1CC-2F44-48B3-992B-3233BE70F9BA}.Release|x86.ActiveCfg = Release|Any CPU
		{01B9B1CC-2F44-48B3-992B-3233BE70F9BA}.Release|x86.Build.0 = Release|Any CPU
		{73098457-0105-4A0C-8513-E66F5F857EA9}.Debug|Any CPU.ActiveCfg = Debug|Any CPU
		{73098457-0105-4A0C-8513-E66F5F857EA9}.Debug|Any CPU.Build.0 = Debug|Any CPU
		{73098457-0105-4A0C-8513-E66F5F857EA9}.Debug|x64.ActiveCfg = Debug|Any CPU
		{73098457-0105-4A0C-8513-E66F5F857EA9}.Debug|x64.Build.0 = Debug|Any CPU
		{73098457-0105-4A0C-8513-E66F5F857EA9}.Debug|x86.ActiveCfg = Debug|Any CPU
		{73098457-0105-4A0C-8513-E66F5F857EA9}.Debug|x86.Build.0 = Debug|Any CPU
		{73098457-0105-4A0C-8513-E66F5F857EA9}.Release|Any CPU.ActiveCfg = Release|Any CPU
		{73098457-0105-4A0C-8513-E66F5F857EA9}.Release|Any CPU.Build.0 = Release|Any CPU
		{73098457-0105-4A0C-8513-E66F5F857EA9}.Release|x64.ActiveCfg = Release|Any CPU
		{73098457-0105-4A0C-8513-E66F5F857EA9}.Release|x64.Build.0 = Release|Any CPU
		{73098457-0105-4A0C-8513-E66F5F857EA9}.Release|x86.ActiveCfg = Release|Any CPU
		{73098457-0105-4A0C-8513-E66F5F857EA9}.Release|x86.Build.0 = Release|Any CPU
		{B7CDE43A-8068-4467-9FE5-6E23A5851C8C}.Debug|Any CPU.ActiveCfg = Debug|Any CPU
		{B7CDE43A-8068-4467-9FE5-6E23A5851C8C}.Debug|Any CPU.Build.0 = Debug|Any CPU
		{B7CDE43A-8068-4467-9FE5-6E23A5851C8C}.Debug|x64.ActiveCfg = Debug|Any CPU
		{B7CDE43A-8068-4467-9FE5-6E23A5851C8C}.Debug|x64.Build.0 = Debug|Any CPU
		{B7CDE43A-8068-4467-9FE5-6E23A5851C8C}.Debug|x86.ActiveCfg = Debug|Any CPU
		{B7CDE43A-8068-4467-9FE5-6E23A5851C8C}.Debug|x86.Build.0 = Debug|Any CPU
		{B7CDE43A-8068-4467-9FE5-6E23A5851C8C}.Release|Any CPU.ActiveCfg = Release|Any CPU
		{B7CDE43A-8068-4467-9FE5-6E23A5851C8C}.Release|Any CPU.Build.0 = Release|Any CPU
		{B7CDE43A-8068-4467-9FE5-6E23A5851C8C}.Release|x64.ActiveCfg = Release|Any CPU
		{B7CDE43A-8068-4467-9FE5-6E23A5851C8C}.Release|x64.Build.0 = Release|Any CPU
		{B7CDE43A-8068-4467-9FE5-6E23A5851C8C}.Release|x86.ActiveCfg = Release|Any CPU
		{B7CDE43A-8068-4467-9FE5-6E23A5851C8C}.Release|x86.Build.0 = Release|Any CPU
		{FB508533-610B-4340-85FF-420F052BAEA1}.Debug|Any CPU.ActiveCfg = Debug|Any CPU
		{FB508533-610B-4340-85FF-420F052BAEA1}.Debug|Any CPU.Build.0 = Debug|Any CPU
		{FB508533-610B-4340-85FF-420F052BAEA1}.Debug|x64.ActiveCfg = Debug|Any CPU
		{FB508533-610B-4340-85FF-420F052BAEA1}.Debug|x64.Build.0 = Debug|Any CPU
		{FB508533-610B-4340-85FF-420F052BAEA1}.Debug|x86.ActiveCfg = Debug|Any CPU
		{FB508533-610B-4340-85FF-420F052BAEA1}.Debug|x86.Build.0 = Debug|Any CPU
		{FB508533-610B-4340-85FF-420F052BAEA1}.Release|Any CPU.ActiveCfg = Release|Any CPU
		{FB508533-610B-4340-85FF-420F052BAEA1}.Release|Any CPU.Build.0 = Release|Any CPU
		{FB508533-610B-4340-85FF-420F052BAEA1}.Release|x64.ActiveCfg = Release|Any CPU
		{FB508533-610B-4340-85FF-420F052BAEA1}.Release|x64.Build.0 = Release|Any CPU
		{FB508533-610B-4340-85FF-420F052BAEA1}.Release|x86.ActiveCfg = Release|Any CPU
		{FB508533-610B-4340-85FF-420F052BAEA1}.Release|x86.Build.0 = Release|Any CPU
		{067E25AA-E062-46AC-9D25-90D145EC1410}.Debug|Any CPU.ActiveCfg = Debug|Any CPU
		{067E25AA-E062-46AC-9D25-90D145EC1410}.Debug|Any CPU.Build.0 = Debug|Any CPU
		{067E25AA-E062-46AC-9D25-90D145EC1410}.Debug|x64.ActiveCfg = Debug|Any CPU
		{067E25AA-E062-46AC-9D25-90D145EC1410}.Debug|x64.Build.0 = Debug|Any CPU
		{067E25AA-E062-46AC-9D25-90D145EC1410}.Debug|x86.ActiveCfg = Debug|Any CPU
		{067E25AA-E062-46AC-9D25-90D145EC1410}.Debug|x86.Build.0 = Debug|Any CPU
		{067E25AA-E062-46AC-9D25-90D145EC1410}.Release|Any CPU.ActiveCfg = Release|Any CPU
		{067E25AA-E062-46AC-9D25-90D145EC1410}.Release|Any CPU.Build.0 = Release|Any CPU
		{067E25AA-E062-46AC-9D25-90D145EC1410}.Release|x64.ActiveCfg = Release|Any CPU
		{067E25AA-E062-46AC-9D25-90D145EC1410}.Release|x64.Build.0 = Release|Any CPU
		{067E25AA-E062-46AC-9D25-90D145EC1410}.Release|x86.ActiveCfg = Release|Any CPU
		{067E25AA-E062-46AC-9D25-90D145EC1410}.Release|x86.Build.0 = Release|Any CPU
	EndGlobalSection
	GlobalSection(SolutionProperties) = preSolution
		HideSolutionNode = FALSE
	EndGlobalSection
	GlobalSection(NestedProjects) = preSolution
		{984BB9B3-3FA3-BE33-9484-CAC21695A33C} = {827E0CD3-B72D-47B6-A68D-7590B98EB39B}
		{CA15E31E-CB60-F235-5CDF-2E527A86A72C} = {984BB9B3-3FA3-BE33-9484-CAC21695A33C}
		{FBC7936D-E8F6-417D-99E7-933CE8127D0F} = {CA15E31E-CB60-F235-5CDF-2E527A86A72C}
		{4FD504A5-8830-48B5-86B6-B81FF76F21EF} = {CA15E31E-CB60-F235-5CDF-2E527A86A72C}
		{01C42F23-EF4B-4E05-BE57-DD8A057C1AD2} = {CA15E31E-CB60-F235-5CDF-2E527A86A72C}
		{01B9B1CC-2F44-48B3-992B-3233BE70F9BA} = {CA15E31E-CB60-F235-5CDF-2E527A86A72C}
		{53A5E032-9A5F-5C5F-4C24-3FD98F4CF9B3} = {984BB9B3-3FA3-BE33-9484-CAC21695A33C}
		{73098457-0105-4A0C-8513-E66F5F857EA9} = {53A5E032-9A5F-5C5F-4C24-3FD98F4CF9B3}
		{B7CDE43A-8068-4467-9FE5-6E23A5851C8C} = {53A5E032-9A5F-5C5F-4C24-3FD98F4CF9B3}
		{FB508533-610B-4340-85FF-420F052BAEA1} = {53A5E032-9A5F-5C5F-4C24-3FD98F4CF9B3}
		{067E25AA-E062-46AC-9D25-90D145EC1410} = {53A5E032-9A5F-5C5F-4C24-3FD98F4CF9B3}
	EndGlobalSection
EndGlobal
